// !$*UTF8*$!
{
	archiveVersion = 1;
	classes = {
	};
	objectVersion = 46;
	objects = {

/* Begin PBXBuildFile section */
		5B920EFC18ABB8D5000B362F /* Foundation.framework in Frameworks */ = {isa = PBXBuildFile; fileRef = 5B920EFB18ABB8D5000B362F /* Foundation.framework */; };
		5B920EFE18ABB8D5000B362F /* CoreGraphics.framework in Frameworks */ = {isa = PBXBuildFile; fileRef = 5B920EFD18ABB8D5000B362F /* CoreGraphics.framework */; };
		5B920F0018ABB8D5000B362F /* UIKit.framework in Frameworks */ = {isa = PBXBuildFile; fileRef = 5B920EFF18ABB8D5000B362F /* UIKit.framework */; };
		5B920F0618ABB8D5000B362F /* InfoPlist.strings in Resources */ = {isa = PBXBuildFile; fileRef = 5B920F0418ABB8D5000B362F /* InfoPlist.strings */; };
		5B920F0818ABB8D5000B362F /* main.m in Sources */ = {isa = PBXBuildFile; fileRef = 5B920F0718ABB8D5000B362F /* main.m */; };
		5B920F0C18ABB8D5000B362F /* WBAppDelegate.m in Sources */ = {isa = PBXBuildFile; fileRef = 5B920F0B18ABB8D5000B362F /* WBAppDelegate.m */; };
		5B920F0F18ABB8D5000B362F /* Main.storyboard in Resources */ = {isa = PBXBuildFile; fileRef = 5B920F0D18ABB8D5000B362F /* Main.storyboard */; };
		5B920F1218ABB8D5000B362F /* WBMasterViewController.m in Sources */ = {isa = PBXBuildFile; fileRef = 5B920F1118ABB8D5000B362F /* WBMasterViewController.m */; };
		5B920F1518ABB8D5000B362F /* WBDetailViewController.m in Sources */ = {isa = PBXBuildFile; fileRef = 5B920F1418ABB8D5000B362F /* WBDetailViewController.m */; };
		5B920F1718ABB8D5000B362F /* Images.xcassets in Resources */ = {isa = PBXBuildFile; fileRef = 5B920F1618ABB8D5000B362F /* Images.xcassets */; };
		5B920F1E18ABB8D5000B362F /* XCTest.framework in Frameworks */ = {isa = PBXBuildFile; fileRef = 5B920F1D18ABB8D5000B362F /* XCTest.framework */; };
		5B920F1F18ABB8D5000B362F /* Foundation.framework in Frameworks */ = {isa = PBXBuildFile; fileRef = 5B920EFB18ABB8D5000B362F /* Foundation.framework */; };
		5B920F2018ABB8D5000B362F /* UIKit.framework in Frameworks */ = {isa = PBXBuildFile; fileRef = 5B920EFF18ABB8D5000B362F /* UIKit.framework */; };
		5B920F2818ABB8D5000B362F /* InfoPlist.strings in Resources */ = {isa = PBXBuildFile; fileRef = 5B920F2618ABB8D5000B362F /* InfoPlist.strings */; };
		5B920F2A18ABB8D5000B362F /* WBMasterTests.m in Sources */ = {isa = PBXBuildFile; fileRef = 5B920F2918ABB8D5000B362F /* WBMasterTests.m */; };
/* End PBXBuildFile section */

/* Begin PBXContainerItemProxy section */
		5B920F2118ABB8D5000B362F /* PBXContainerItemProxy */ = {
			isa = PBXContainerItemProxy;
			containerPortal = 5B920EF018ABB8D5000B362F /* Project object */;
			proxyType = 1;
			remoteGlobalIDString = 5B920EF718ABB8D5000B362F;
			remoteInfo = WBMaster;
		};
/* End PBXContainerItemProxy section */

/* Begin PBXFileReference section */
		5B920EF818ABB8D5000B362F /* WBMaster.app */ = {isa = PBXFileReference; explicitFileType = wrapper.application; includeInIndex = 0; path = WBMaster.app; sourceTree = BUILT_PRODUCTS_DIR; };
		5B920EFB18ABB8D5000B362F /* Foundation.framework */ = {isa = PBXFileReference; lastKnownFileType = wrapper.framework; name = Foundation.framework; path = System/Library/Frameworks/Foundation.framework; sourceTree = SDKROOT; };
		5B920EFD18ABB8D5000B362F /* CoreGraphics.framework */ = {isa = PBXFileReference; lastKnownFileType = wrapper.framework; name = CoreGraphics.framework; path = System/Library/Frameworks/CoreGraphics.framework; sourceTree = SDKROOT; };
		5B920EFF18ABB8D5000B362F /* UIKit.framework */ = {isa = PBXFileReference; lastKnownFileType = wrapper.framework; name = UIKit.framework; path = System/Library/Frameworks/UIKit.framework; sourceTree = SDKROOT; };
		5B920F0318ABB8D5000B362F /* WBMaster-Info.plist */ = {isa = PBXFileReference; lastKnownFileType = text.plist.xml; path = "WBMaster-Info.plist"; sourceTree = "<group>"; };
		5B920F0518ABB8D5000B362F /* en */ = {isa = PBXFileReference; lastKnownFileType = text.plist.strings; name = en; path = en.lproj/InfoPlist.strings; sourceTree = "<group>"; };
		5B920F0718ABB8D5000B362F /* main.m */ = {isa = PBXFileReference; lastKnownFileType = sourcecode.c.objc; path = main.m; sourceTree = "<group>"; };
		5B920F0918ABB8D5000B362F /* WBMaster-Prefix.pch */ = {isa = PBXFileReference; lastKnownFileType = sourcecode.c.h; path = "WBMaster-Prefix.pch"; sourceTree = "<group>"; };
		5B920F0A18ABB8D5000B362F /* WBAppDelegate.h */ = {isa = PBXFileReference; lastKnownFileType = sourcecode.c.h; path = WBAppDelegate.h; sourceTree = "<group>"; };
		5B920F0B18ABB8D5000B362F /* WBAppDelegate.m */ = {isa = PBXFileReference; lastKnownFileType = sourcecode.c.objc; path = WBAppDelegate.m; sourceTree = "<group>"; };
		5B920F0E18ABB8D5000B362F /* Base */ = {isa = PBXFileReference; lastKnownFileType = file.storyboard; name = Base; path = Base.lproj/Main.storyboard; sourceTree = "<group>"; };
		5B920F1018ABB8D5000B362F /* WBMasterViewController.h */ = {isa = PBXFileReference; lastKnownFileType = sourcecode.c.h; path = WBMasterViewController.h; sourceTree = "<group>"; };
		5B920F1118ABB8D5000B362F /* WBMasterViewController.m */ = {isa = PBXFileReference; lastKnownFileType = sourcecode.c.objc; path = WBMasterViewController.m; sourceTree = "<group>"; };
		5B920F1318ABB8D5000B362F /* WBDetailViewController.h */ = {isa = PBXFileReference; lastKnownFileType = sourcecode.c.h; path = WBDetailViewController.h; sourceTree = "<group>"; };
		5B920F1418ABB8D5000B362F /* WBDetailViewController.m */ = {isa = PBXFileReference; lastKnownFileType = sourcecode.c.objc; path = WBDetailViewController.m; sourceTree = "<group>"; };
		5B920F1618ABB8D5000B362F /* Images.xcassets */ = {isa = PBXFileReference; lastKnownFileType = folder.assetcatalog; path = Images.xcassets; sourceTree = "<group>"; };
		5B920F1C18ABB8D5000B362F /* WBMasterTests.xctest */ = {isa = PBXFileReference; explicitFileType = wrapper.cfbundle; includeInIndex = 0; path = WBMasterTests.xctest; sourceTree = BUILT_PRODUCTS_DIR; };
		5B920F1D18ABB8D5000B362F /* XCTest.framework */ = {isa = PBXFileReference; lastKnownFileType = wrapper.framework; name = XCTest.framework; path = Library/Frameworks/XCTest.framework; sourceTree = DEVELOPER_DIR; };
		5B920F2518ABB8D5000B362F /* WBMasterTests-Info.plist */ = {isa = PBXFileReference; lastKnownFileType = text.plist.xml; path = "WBMasterTests-Info.plist"; sourceTree = "<group>"; };
		5B920F2718ABB8D5000B362F /* en */ = {isa = PBXFileReference; lastKnownFileType = text.plist.strings; name = en; path = en.lproj/InfoPlist.strings; sourceTree = "<group>"; };
		5B920F2918ABB8D5000B362F /* WBMasterTests.m */ = {isa = PBXFileReference; lastKnownFileType = sourcecode.c.objc; path = WBMasterTests.m; sourceTree = "<group>"; };
/* End PBXFileReference section */

/* Begin PBXFrameworksBuildPhase section */
		5B920EF518ABB8D5000B362F /* Frameworks */ = {
			isa = PBXFrameworksBuildPhase;
			buildActionMask = 2147483647;
			files = (
				5B920EFE18ABB8D5000B362F /* CoreGraphics.framework in Frameworks */,
				5B920F0018ABB8D5000B362F /* UIKit.framework in Frameworks */,
				5B920EFC18ABB8D5000B362F /* Foundation.framework in Frameworks */,
			);
			runOnlyForDeploymentPostprocessing = 0;
		};
		5B920F1918ABB8D5000B362F /* Frameworks */ = {
			isa = PBXFrameworksBuildPhase;
			buildActionMask = 2147483647;
			files = (
				5B920F1E18ABB8D5000B362F /* XCTest.framework in Frameworks */,
				5B920F2018ABB8D5000B362F /* UIKit.framework in Frameworks */,
				5B920F1F18ABB8D5000B362F /* Foundation.framework in Frameworks */,
			);
			runOnlyForDeploymentPostprocessing = 0;
		};
/* End PBXFrameworksBuildPhase section */

/* Begin PBXGroup section */
		5B920EEF18ABB8D5000B362F = {
			isa = PBXGroup;
			children = (
				5B920F0118ABB8D5000B362F /* WBMaster */,
				5B920F2318ABB8D5000B362F /* WBMasterTests */,
				5B920EFA18ABB8D5000B362F /* Frameworks */,
				5B920EF918ABB8D5000B362F /* Products */,
			);
			sourceTree = "<group>";
		};
		5B920EF918ABB8D5000B362F /* Products */ = {
			isa = PBXGroup;
			children = (
				5B920EF818ABB8D5000B362F /* WBMaster.app */,
				5B920F1C18ABB8D5000B362F /* WBMasterTests.xctest */,
			);
			name = Products;
			sourceTree = "<group>";
		};
		5B920EFA18ABB8D5000B362F /* Frameworks */ = {
			isa = PBXGroup;
			children = (
				5B920EFB18ABB8D5000B362F /* Foundation.framework */,
				5B920EFD18ABB8D5000B362F /* CoreGraphics.framework */,
				5B920EFF18ABB8D5000B362F /* UIKit.framework */,
				5B920F1D18ABB8D5000B362F /* XCTest.framework */,
			);
			name = Frameworks;
			sourceTree = "<group>";
		};
		5B920F0118ABB8D5000B362F /* WBMaster */ = {
			isa = PBXGroup;
			children = (
				5B920F0A18ABB8D5000B362F /* WBAppDelegate.h */,
				5B920F0B18ABB8D5000B362F /* WBAppDelegate.m */,
				5B920F0D18ABB8D5000B362F /* Main.storyboard */,
				5B920F1018ABB8D5000B362F /* WBMasterViewController.h */,
				5B920F1118ABB8D5000B362F /* WBMasterViewController.m */,
				5B920F1318ABB8D5000B362F /* WBDetailViewController.h */,
				5B920F1418ABB8D5000B362F /* WBDetailViewController.m */,
				5B920F1618ABB8D5000B362F /* Images.xcassets */,
				5B920F0218ABB8D5000B362F /* Supporting Files */,
			);
			path = WBMaster;
			sourceTree = "<group>";
		};
		5B920F0218ABB8D5000B362F /* Supporting Files */ = {
			isa = PBXGroup;
			children = (
				5B920F0318ABB8D5000B362F /* WBMaster-Info.plist */,
				5B920F0418ABB8D5000B362F /* InfoPlist.strings */,
				5B920F0718ABB8D5000B362F /* main.m */,
				5B920F0918ABB8D5000B362F /* WBMaster-Prefix.pch */,
			);
			name = "Supporting Files";
			sourceTree = "<group>";
		};
		5B920F2318ABB8D5000B362F /* WBMasterTests */ = {
			isa = PBXGroup;
			children = (
				5B920F2918ABB8D5000B362F /* WBMasterTests.m */,
				5B920F2418ABB8D5000B362F /* Supporting Files */,
			);
			path = WBMasterTests;
			sourceTree = "<group>";
		};
		5B920F2418ABB8D5000B362F /* Supporting Files */ = {
			isa = PBXGroup;
			children = (
				5B920F2518ABB8D5000B362F /* WBMasterTests-Info.plist */,
				5B920F2618ABB8D5000B362F /* InfoPlist.strings */,
			);
			name = "Supporting Files";
			sourceTree = "<group>";
		};
/* End PBXGroup section */

/* Begin PBXNativeTarget section */
		5B920EF718ABB8D5000B362F /* WBMaster */ = {
			isa = PBXNativeTarget;
			buildConfigurationList = 5B920F2D18ABB8D5000B362F /* Build configuration list for PBXNativeTarget "WBMaster" */;
			buildPhases = (
				5B920EF418ABB8D5000B362F /* Sources */,
				5B920EF518ABB8D5000B362F /* Frameworks */,
				5B920EF618ABB8D5000B362F /* Resources */,
			);
			buildRules = (
			);
			dependencies = (
			);
			name = WBMaster;
			productName = WBMaster;
			productReference = 5B920EF818ABB8D5000B362F /* WBMaster.app */;
			productType = "com.apple.product-type.application";
		};
		5B920F1B18ABB8D5000B362F /* WBMasterTests */ = {
			isa = PBXNativeTarget;
			buildConfigurationList = 5B920F3018ABB8D5000B362F /* Build configuration list for PBXNativeTarget "WBMasterTests" */;
			buildPhases = (
				5B920F1818ABB8D5000B362F /* Sources */,
				5B920F1918ABB8D5000B362F /* Frameworks */,
				5B920F1A18ABB8D5000B362F /* Resources */,
			);
			buildRules = (
			);
			dependencies = (
				5B920F2218ABB8D5000B362F /* PBXTargetDependency */,
			);
			name = WBMasterTests;
			productName = WBMasterTests;
			productReference = 5B920F1C18ABB8D5000B362F /* WBMasterTests.xctest */;
			productType = "com.apple.product-type.bundle.unit-test";
		};
/* End PBXNativeTarget section */

/* Begin PBXProject section */
		5B920EF018ABB8D5000B362F /* Project object */ = {
			isa = PBXProject;
			attributes = {
				CLASSPREFIX = WB;
				LastUpgradeCheck = 0500;
				ORGANIZATIONNAME = Weirdln;
				TargetAttributes = {
					5B920F1B18ABB8D5000B362F = {
						TestTargetID = 5B920EF718ABB8D5000B362F;
					};
				};
			};
			buildConfigurationList = 5B920EF318ABB8D5000B362F /* Build configuration list for PBXProject "WBMaster" */;
			compatibilityVersion = "Xcode 3.2";
			developmentRegion = English;
			hasScannedForEncodings = 0;
			knownRegions = (
				en,
				Base,
			);
			mainGroup = 5B920EEF18ABB8D5000B362F;
			productRefGroup = 5B920EF918ABB8D5000B362F /* Products */;
			projectDirPath = "";
			projectRoot = "";
			targets = (
				5B920EF718ABB8D5000B362F /* WBMaster */,
				5B920F1B18ABB8D5000B362F /* WBMasterTests */,
			);
		};
/* End PBXProject section */

/* Begin PBXResourcesBuildPhase section */
		5B920EF618ABB8D5000B362F /* Resources */ = {
			isa = PBXResourcesBuildPhase;
			buildActionMask = 2147483647;
			files = (
				5B920F1718ABB8D5000B362F /* Images.xcassets in Resources */,
				5B920F0618ABB8D5000B362F /* InfoPlist.strings in Resources */,
				5B920F0F18ABB8D5000B362F /* Main.storyboard in Resources */,
			);
			runOnlyForDeploymentPostprocessing = 0;
		};
		5B920F1A18ABB8D5000B362F /* Resources */ = {
			isa = PBXResourcesBuildPhase;
			buildActionMask = 2147483647;
			files = (
				5B920F2818ABB8D5000B362F /* InfoPlist.strings in Resources */,
			);
			runOnlyForDeploymentPostprocessing = 0;
		};
/* End PBXResourcesBuildPhase section */

/* Begin PBXSourcesBuildPhase section */
		5B920EF418ABB8D5000B362F /* Sources */ = {
			isa = PBXSourcesBuildPhase;
			buildActionMask = 2147483647;
			files = (
				5B920F0818ABB8D5000B362F /* main.m in Sources */,
				5B920F1218ABB8D5000B362F /* WBMasterViewController.m in Sources */,
				5B920F1518ABB8D5000B362F /* WBDetailViewController.m in Sources */,
				5B920F0C18ABB8D5000B362F /* WBAppDelegate.m in Sources */,
			);
			runOnlyForDeploymentPostprocessing = 0;
		};
		5B920F1818ABB8D5000B362F /* Sources */ = {
			isa = PBXSourcesBuildPhase;
			buildActionMask = 2147483647;
			files = (
				5B920F2A18ABB8D5000B362F /* WBMasterTests.m in Sources */,
			);
			runOnlyForDeploymentPostprocessing = 0;
		};
/* End PBXSourcesBuildPhase section */

/* Begin PBXTargetDependency section */
		5B920F2218ABB8D5000B362F /* PBXTargetDependency */ = {
			isa = PBXTargetDependency;
			target = 5B920EF718ABB8D5000B362F /* WBMaster */;
			targetProxy = 5B920F2118ABB8D5000B362F /* PBXContainerItemProxy */;
		};
/* End PBXTargetDependency section */

/* Begin PBXVariantGroup section */
		5B920F0418ABB8D5000B362F /* InfoPlist.strings */ = {
			isa = PBXVariantGroup;
			children = (
				5B920F0518ABB8D5000B362F /* en */,
			);
			name = InfoPlist.strings;
			sourceTree = "<group>";
		};
		5B920F0D18ABB8D5000B362F /* Main.storyboard */ = {
			isa = PBXVariantGroup;
			children = (
				5B920F0E18ABB8D5000B362F /* Base */,
			);
			name = Main.storyboard;
			sourceTree = "<group>";
		};
		5B920F2618ABB8D5000B362F /* InfoPlist.strings */ = {
			isa = PBXVariantGroup;
			children = (
				5B920F2718ABB8D5000B362F /* en */,
			);
			name = InfoPlist.strings;
			sourceTree = "<group>";
		};
/* End PBXVariantGroup section */

/* Begin XCBuildConfiguration section */
		5B920F2B18ABB8D5000B362F /* Debug */ = {
			isa = XCBuildConfiguration;
			buildSettings = {
				ALWAYS_SEARCH_USER_PATHS = NO;
				ARCHS = "$(ARCHS_STANDARD_INCLUDING_64_BIT)";
				CLANG_CXX_LANGUAGE_STANDARD = "gnu++0x";
				CLANG_CXX_LIBRARY = "libc++";
				CLANG_ENABLE_MODULES = YES;
				CLANG_ENABLE_OBJC_ARC = YES;
				CLANG_WARN_BOOL_CONVERSION = YES;
				CLANG_WARN_CONSTANT_CONVERSION = YES;
				CLANG_WARN_DIRECT_OBJC_ISA_USAGE = YES_ERROR;
				CLANG_WARN_EMPTY_BODY = YES;
				CLANG_WARN_ENUM_CONVERSION = YES;
				CLANG_WARN_INT_CONVERSION = YES;
				CLANG_WARN_OBJC_ROOT_CLASS = YES_ERROR;
				CLANG_WARN__DUPLICATE_METHOD_MATCH = YES;
				"CODE_SIGN_IDENTITY[sdk=iphoneos*]" = "iPhone Developer";
				COPY_PHASE_STRIP = NO;
				GCC_C_LANGUAGE_STANDARD = gnu99;
				GCC_DYNAMIC_NO_PIC = NO;
				GCC_OPTIMIZATION_LEVEL = 0;
				GCC_PREPROCESSOR_DEFINITIONS = (
					"DEBUG=1",
					"$(inherited)",
				);
				GCC_SYMBOLS_PRIVATE_EXTERN = NO;
				GCC_WARN_64_TO_32_BIT_CONVERSION = YES;
				GCC_WARN_ABOUT_RETURN_TYPE = YES_ERROR;
				GCC_WARN_UNDECLARED_SELECTOR = YES;
				GCC_WARN_UNINITIALIZED_AUTOS = YES;
				GCC_WARN_UNUSED_FUNCTION = YES;
				GCC_WARN_UNUSED_VARIABLE = YES;
				IPHONEOS_DEPLOYMENT_TARGET = 7.0;
				ONLY_ACTIVE_ARCH = YES;
				SDKROOT = iphoneos;
			};
			name = Debug;
		};
		5B920F2C18ABB8D5000B362F /* Release */ = {
			isa = XCBuildConfiguration;
			buildSettings = {
				ALWAYS_SEARCH_USER_PATHS = NO;
				ARCHS = "$(ARCHS_STANDARD_INCLUDING_64_BIT)";
				CLANG_CXX_LANGUAGE_STANDARD = "gnu++0x";
				CLANG_CXX_LIBRARY = "libc++";
				CLANG_ENABLE_MODULES = YES;
				CLANG_ENABLE_OBJC_ARC = YES;
				CLANG_WARN_BOOL_CONVERSION = YES;
				CLANG_WARN_CONSTANT_CONVERSION = YES;
				CLANG_WARN_DIRECT_OBJC_ISA_USAGE = YES_ERROR;
				CLANG_WARN_EMPTY_BODY = YES;
				CLANG_WARN_ENUM_CONVERSION = YES;
				CLANG_WARN_INT_CONVERSION = YES;
				CLANG_WARN_OBJC_ROOT_CLASS = YES_ERROR;
				CLANG_WARN__DUPLICATE_METHOD_MATCH = YES;
				"CODE_SIGN_IDENTITY[sdk=iphoneos*]" = "iPhone Developer";
				COPY_PHASE_STRIP = YES;
				ENABLE_NS_ASSERTIONS = NO;
				GCC_C_LANGUAGE_STANDARD = gnu99;
				GCC_WARN_64_TO_32_BIT_CONVERSION = YES;
				GCC_WARN_ABOUT_RETURN_TYPE = YES_ERROR;
				GCC_WARN_UNDECLARED_SELECTOR = YES;
				GCC_WARN_UNINITIALIZED_AUTOS = YES;
				GCC_WARN_UNUSED_FUNCTION = YES;
				GCC_WARN_UNUSED_VARIABLE = YES;
				IPHONEOS_DEPLOYMENT_TARGET = 7.0;
				SDKROOT = iphoneos;
				VALIDATE_PRODUCT = YES;
			};
			name = Release;
		};
		5B920F2E18ABB8D5000B362F /* Debug */ = {
			isa = XCBuildConfiguration;
			buildSettings = {
				ASSETCATALOG_COMPILER_APPICON_NAME = AppIcon;
				ASSETCATALOG_COMPILER_LAUNCHIMAGE_NAME = LaunchImage;
				GCC_PRECOMPILE_PREFIX_HEADER = YES;
				GCC_PREFIX_HEADER = "WBMaster/WBMaster-Prefix.pch";
				INFOPLIST_FILE = "WBMaster/WBMaster-Info.plist";
				PRODUCT_NAME = "$(TARGET_NAME)";
				WRAPPER_EXTENSION = app;
			};
			name = Debug;
		};
		5B920F2F18ABB8D5000B362F /* Release */ = {
			isa = XCBuildConfiguration;
			buildSettings = {
				ASSETCATALOG_COMPILER_APPICON_NAME = AppIcon;
				ASSETCATALOG_COMPILER_LAUNCHIMAGE_NAME = LaunchImage;
				GCC_PRECOMPILE_PREFIX_HEADER = YES;
				GCC_PREFIX_HEADER = "WBMaster/WBMaster-Prefix.pch";
				INFOPLIST_FILE = "WBMaster/WBMaster-Info.plist";
				PRODUCT_NAME = "$(TARGET_NAME)";
				WRAPPER_EXTENSION = app;
			};
			name = Release;
		};
		5B920F3118ABB8D5000B362F /* Debug */ = {
			isa = XCBuildConfiguration;
			buildSettings = {
				ARCHS = "$(ARCHS_STANDARD_INCLUDING_64_BIT)";
				BUNDLE_LOADER = "$(BUILT_PRODUCTS_DIR)/WBMaster.app/WBMaster";
				FRAMEWORK_SEARCH_PATHS = (
					"$(SDKROOT)/Developer/Library/Frameworks",
					"$(inherited)",
					"$(DEVELOPER_FRAMEWORKS_DIR)",
				);
				GCC_PRECOMPILE_PREFIX_HEADER = YES;
				GCC_PREFIX_HEADER = "WBMaster/WBMaster-Prefix.pch";
				GCC_PREPROCESSOR_DEFINITIONS = (
					"DEBUG=1",
					"$(inherited)",
				);
				INFOPLIST_FILE = "WBMasterTests/WBMasterTests-Info.plist";
				PRODUCT_NAME = "$(TARGET_NAME)";
				TEST_HOST = "$(BUNDLE_LOADER)";
				WRAPPER_EXTENSION = xctest;
			};
			name = Debug;
		};
		5B920F3218ABB8D5000B362F /* Release */ = {
			isa = XCBuildConfiguration;
			buildSettings = {
				ARCHS = "$(ARCHS_STANDARD_INCLUDING_64_BIT)";
				BUNDLE_LOADER = "$(BUILT_PRODUCTS_DIR)/WBMaster.app/WBMaster";
				FRAMEWORK_SEARCH_PATHS = (
					"$(SDKROOT)/Developer/Library/Frameworks",
					"$(inherited)",
					"$(DEVELOPER_FRAMEWORKS_DIR)",
				);
				GCC_PRECOMPILE_PREFIX_HEADER = YES;
				GCC_PREFIX_HEADER = "WBMaster/WBMaster-Prefix.pch";
				INFOPLIST_FILE = "WBMasterTests/WBMasterTests-Info.plist";
				PRODUCT_NAME = "$(TARGET_NAME)";
				TEST_HOST = "$(BUNDLE_LOADER)";
				WRAPPER_EXTENSION = xctest;
			};
			name = Release;
		};
/* End XCBuildConfiguration section */

/* Begin XCConfigurationList section */
		5B920EF318ABB8D5000B362F /* Build configuration list for PBXProject "WBMaster" */ = {
			isa = XCConfigurationList;
			buildConfigurations = (
				5B920F2B18ABB8D5000B362F /* Debug */,
				5B920F2C18ABB8D5000B362F /* Release */,
			);
			defaultConfigurationIsVisible = 0;
			defaultConfigurationName = Release;
		};
		5B920F2D18ABB8D5000B362F /* Build configuration list for PBXNativeTarget "WBMaster" */ = {
			isa = XCConfigurationList;
			buildConfigurations = (
				5B920F2E18ABB8D5000B362F /* Debug */,
				5B920F2F18ABB8D5000B362F /* Release */,
			);
			defaultConfigurationIsVisible = 0;
		};
		5B920F3018ABB8D5000B362F /* Build configuration list for PBXNativeTarget "WBMasterTests" */ = {
			isa = XCConfigurationList;
			buildConfigurations = (
				5B920F3118ABB8D5000B362F /* Debug */,
				5B920F3218ABB8D5000B362F /* Release */,
			);
			defaultConfigurationIsVisible = 0;
		};
/* End XCConfigurationList section */
	};
	rootObject = 5B920EF018ABB8D5000B362F /* Project object */;
}
